
Microsoft Visual Studio Solution File, Format Version 12.00
# Visual Studio Version 17
VisualStudioVersion = 17.3.32825.248
MinimumVisualStudioVersion = 10.0.40219.1
Project("{FAE04EC0-301F-11D3-BF4B-00C04F79EFBC}") = "WpfApp3", "WpfApp3\WpfApp3.csproj", "{D382BBAD-4800-4F46-85CB-4CA636EDAE86}"
EndProject
Global
	GlobalSection(SolutionConfigurationPlatforms) = preSolution
		Debug|Any CPU = Debug|Any CPU
		Release|Any CPU = Release|Any CPU
	EndGlobalSection
	GlobalSection(ProjectConfigurationPlatforms) = postSolution
		{D382BBAD-4800-4F46-85CB-4CA636EDAE86}.Debug|Any CPU.ActiveCfg = Debug|Any CPU
		{D382BBAD-4800-4F46-85CB-4CA636EDAE86}.Debug|Any CPU.Build.0 = Debug|Any CPU
		{D382BBAD-4800-4F46-85CB-4CA636EDAE86}.Release|Any CPU.ActiveCfg = Release|Any CPU
		{D382BBAD-4800-4F46-85CB-4CA636EDAE86}.Release|Any CPU.Build.0 = Release|Any CPU
	EndGlobalSection
	GlobalSection(SolutionProperties) = preSolution
		HideSolutionNode = FALSE
	EndGlobalSection
	GlobalSection(ExtensibilityGlobals) = postSolution
		SolutionGuid = {829D7586-7E91-4905-ACBB-3ED2043D6486}
	EndGlobalSection
EndGlobal
